
Microsoft Visual Studio Solution File, Format Version 12.00
# Visual Studio 14
VisualStudioVersion = 14.0.25420.1
MinimumVisualStudioVersion = 10.0.40219.1
Project("{DBEB579D-3F50-4EB2-9F6E-611A9164C183}") = "reedsolomonexample", "reedsolomonexample.csproj", "{AF362A12-9174-4C94-985A-5B942558A216}"
EndProject
Global
	GlobalSection(SolutionConfigurationPlatforms) = preSolution
		Debug|Any CPU = Debug|Any CPU
		Release|Any CPU = Release|Any CPU
	EndGlobalSection
	GlobalSection(ProjectConfigurationPlatforms) = postSolution
		{AF362A12-9174-4C94-985A-5B942558A216}.Debug|Any CPU.ActiveCfg = Debug|Any CPU
		{AF362A12-9174-4C94-985A-5B942558A216}.Debug|Any CPU.Build.0 = Debug|Any CPU
		{AF362A12-9174-4C94-985A-5B942558A216}.Release|Any CPU.ActiveCfg = Release|Any CPU
		{AF362A12-9174-4C94-985A-5B942558A216}.Release|Any CPU.Build.0 = Release|Any CPU
	EndGlobalSection
	GlobalSection(SolutionProperties) = preSolution
		HideSolutionNode = FALSE
	EndGlobalSection
EndGlobal
